// !$*UTF8*$!
{
	archiveVersion = 1;
	classes = {
	};
	objectVersion = 50;
	objects = {

/* Begin PBXBuildFile section */
		4220DCF22578F8BB00CFE23C /* AppDelegate.swift in Sources */ = {isa = PBXBuildFile; fileRef = 4220DCF12578F8BB00CFE23C /* AppDelegate.swift */; };
		4220DCF42578F8BB00CFE23C /* SceneDelegate.swift in Sources */ = {isa = PBXBuildFile; fileRef = 4220DCF32578F8BB00CFE23C /* SceneDelegate.swift */; };
		4220DCF92578F8BB00CFE23C /* Main.storyboard in Resources */ = {isa = PBXBuildFile; fileRef = 4220DCF72578F8BB00CFE23C /* Main.storyboard */; };
		4220DCFB2578F8BF00CFE23C /* Assets.xcassets in Resources */ = {isa = PBXBuildFile; fileRef = 4220DCFA2578F8BF00CFE23C /* Assets.xcassets */; };
		4220DCFE2578F8BF00CFE23C /* LaunchScreen.storyboard in Resources */ = {isa = PBXBuildFile; fileRef = 4220DCFC2578F8BF00CFE23C /* LaunchScreen.storyboard */; };
		4220DD092578F91A00CFE23C /* HomeViewController.swift in Sources */ = {isa = PBXBuildFile; fileRef = 4220DD072578F91A00CFE23C /* HomeViewController.swift */; };
		4220DD0A2578F91A00CFE23C /* HomeViewController.xib in Resources */ = {isa = PBXBuildFile; fileRef = 4220DD082578F91A00CFE23C /* HomeViewController.xib */; };
		4220DD0D2578F92500CFE23C /* ScrollViewController.swift in Sources */ = {isa = PBXBuildFile; fileRef = 4220DD0B2578F92500CFE23C /* ScrollViewController.swift */; };
		4220DD0E2578F92500CFE23C /* ScrollViewController.xib in Resources */ = {isa = PBXBuildFile; fileRef = 4220DD0C2578F92500CFE23C /* ScrollViewController.xib */; };
		4220DD132578FA0000CFE23C /* Item.swift in Sources */ = {isa = PBXBuildFile; fileRef = 4220DD122578FA0000CFE23C /* Item.swift */; };
		4220DD172578FA2F00CFE23C /* ItemCollectionViewCell.swift in Sources */ = {isa = PBXBuildFile; fileRef = 4220DD152578FA2F00CFE23C /* ItemCollectionViewCell.swift */; };
		4220DD182578FA2F00CFE23C /* ItemCollectionViewCell.xib in Resources */ = {isa = PBXBuildFile; fileRef = 4220DD162578FA2F00CFE23C /* ItemCollectionViewCell.xib */; };
/* End PBXBuildFile section */

/* Begin PBXFileReference section */
		4220DCEE2578F8BB00CFE23C /* CollectionAndScrollView.app */ = {isa = PBXFileReference; explicitFileType = wrapper.application; includeInIndex = 0; path = CollectionAndScrollView.app; sourceTree = BUILT_PRODUCTS_DIR; };
		4220DCF12578F8BB00CFE23C /* AppDelegate.swift */ = {isa = PBXFileReference; lastKnownFileType = sourcecode.swift; path = AppDelegate.swift; sourceTree = "<group>"; };
		4220DCF32578F8BB00CFE23C /* SceneDelegate.swift */ = {isa = PBXFileReference; lastKnownFileType = sourcecode.swift; path = SceneDelegate.swift; sourceTree = "<group>"; };
		4220DCF82578F8BB00CFE23C /* Base */ = {isa = PBXFileReference; lastKnownFileType = file.storyboard; name = Base; path = Base.lproj/Main.storyboard; sourceTree = "<group>"; };
		4220DCFA2578F8BF00CFE23C /* Assets.xcassets */ = {isa = PBXFileReference; lastKnownFileType = folder.assetcatalog; path = Assets.xcassets; sourceTree = "<group>"; };
		4220DCFD2578F8BF00CFE23C /* Base */ = {isa = PBXFileReference; lastKnownFileType = file.storyboard; name = Base; path = Base.lproj/LaunchScreen.storyboard; sourceTree = "<group>"; };
		4220DCFF2578F8BF00CFE23C /* Info.plist */ = {isa = PBXFileReference; lastKnownFileType = text.plist.xml; path = Info.plist; sourceTree = "<group>"; };
		4220DD072578F91A00CFE23C /* HomeViewController.swift */ = {isa = PBXFileReference; lastKnownFileType = sourcecode.swift; path = HomeViewController.swift; sourceTree = "<group>"; };
		4220DD082578F91A00CFE23C /* HomeViewController.xib */ = {isa = PBXFileReference; lastKnownFileType = file.xib; path = HomeViewController.xib; sourceTree = "<group>"; };
		4220DD0B2578F92500CFE23C /* ScrollViewController.swift */ = {isa = PBXFileReference; lastKnownFileType = sourcecode.swift; path = ScrollViewController.swift; sourceTree = "<group>"; };
		4220DD0C2578F92500CFE23C /* ScrollViewController.xib */ = {isa = PBXFileReference; lastKnownFileType = file.xib; path = ScrollViewController.xib; sourceTree = "<group>"; };
		4220DD122578FA0000CFE23C /* Item.swift */ = {isa = PBXFileReference; lastKnownFileType = sourcecode.swift; path = Item.swift; sourceTree = "<group>"; };
		4220DD152578FA2F00CFE23C /* ItemCollectionViewCell.swift */ = {isa = PBXFileReference; lastKnownFileType = sourcecode.swift; path = ItemCollectionViewCell.swift; sourceTree = "<group>"; };
		4220DD162578FA2F00CFE23C /* ItemCollectionViewCell.xib */ = {isa = PBXFileReference; lastKnownFileType = file.xib; path = ItemCollectionViewCell.xib; sourceTree = "<group>"; };
/* End PBXFileReference section */

/* Begin PBXFrameworksBuildPhase section */
		4220DCEB2578F8BB00CFE23C /* Frameworks */ = {
			isa = PBXFrameworksBuildPhase;
			buildActionMask = 2147483647;
			files = (
			);
			runOnlyForDeploymentPostprocessing = 0;
		};
/* End PBXFrameworksBuildPhase section */

/* Begin PBXGroup section */
		4220DCE52578F8BB00CFE23C = {
			isa = PBXGroup;
			children = (
				4220DCF02578F8BB00CFE23C /* CollectionAndScrollView */,
				4220DCEF2578F8BB00CFE23C /* Products */,
			);
			sourceTree = "<group>";
		};
		4220DCEF2578F8BB00CFE23C /* Products */ = {
			isa = PBXGroup;
			children = (
				4220DCEE2578F8BB00CFE23C /* CollectionAndScrollView.app */,
			);
			name = Products;
			sourceTree = "<group>";
		};
		4220DCF02578F8BB00CFE23C /* CollectionAndScrollView */ = {
			isa = PBXGroup;
			children = (
				4220DD142578FA1A00CFE23C /* Cells */,
				4220DD0F2578F9E500CFE23C /* Models */,
				4220DD062578F8E200CFE23C /* Controllers */,
				4220DD052578F8D000CFE23C /* Utilities */,
				4220DCF12578F8BB00CFE23C /* AppDelegate.swift */,
				4220DCF32578F8BB00CFE23C /* SceneDelegate.swift */,
				4220DCFF2578F8BF00CFE23C /* Info.plist */,
			);
			path = CollectionAndScrollView;
			sourceTree = "<group>";
		};
		4220DD052578F8D000CFE23C /* Utilities */ = {
			isa = PBXGroup;
			children = (
				4220DCF72578F8BB00CFE23C /* Main.storyboard */,
				4220DCFA2578F8BF00CFE23C /* Assets.xcassets */,
				4220DCFC2578F8BF00CFE23C /* LaunchScreen.storyboard */,
			);
			path = Utilities;
			sourceTree = "<group>";
		};
		4220DD062578F8E200CFE23C /* Controllers */ = {
			isa = PBXGroup;
			children = (
				4220DD072578F91A00CFE23C /* HomeViewController.swift */,
				4220DD082578F91A00CFE23C /* HomeViewController.xib */,
				4220DD0B2578F92500CFE23C /* ScrollViewController.swift */,
				4220DD0C2578F92500CFE23C /* ScrollViewController.xib */,
			);
			path = Controllers;
			sourceTree = "<group>";
		};
		4220DD0F2578F9E500CFE23C /* Models */ = {
			isa = PBXGroup;
			children = (
				4220DD122578FA0000CFE23C /* Item.swift */,
			);
			path = Models;
			sourceTree = "<group>";
		};
		4220DD142578FA1A00CFE23C /* Cells */ = {
			isa = PBXGroup;
			children = (
				4220DD152578FA2F00CFE23C /* ItemCollectionViewCell.swift */,
				4220DD162578FA2F00CFE23C /* ItemCollectionViewCell.xib */,
			);
			path = Cells;
			sourceTree = "<group>";
		};
/* End PBXGroup section */

/* Begin PBXNativeTarget section */
		4220DCED2578F8BB00CFE23C /* CollectionAndScrollView */ = {
			isa = PBXNativeTarget;
			buildConfigurationList = 4220DD022578F8BF00CFE23C /* Build configuration list for PBXNativeTarget "CollectionAndScrollView" */;
			buildPhases = (
				4220DCEA2578F8BB00CFE23C /* Sources */,
				4220DCEB2578F8BB00CFE23C /* Frameworks */,
				4220DCEC2578F8BB00CFE23C /* Resources */,
			);
			buildRules = (
			);
			dependencies = (
			);
			name = CollectionAndScrollView;
			productName = CollectionAndScrollView;
			productReference = 4220DCEE2578F8BB00CFE23C /* CollectionAndScrollView.app */;
			productType = "com.apple.product-type.application";
		};
/* End PBXNativeTarget section */

/* Begin PBXProject section */
		4220DCE62578F8BB00CFE23C /* Project object */ = {
			isa = PBXProject;
			attributes = {
				LastSwiftUpdateCheck = 1160;
				LastUpgradeCheck = 1160;
				ORGANIZATIONNAME = "Nuriddin Jumaev";
				TargetAttributes = {
					4220DCED2578F8BB00CFE23C = {
						CreatedOnToolsVersion = 11.6;
					};
				};
			};
			buildConfigurationList = 4220DCE92578F8BB00CFE23C /* Build configuration list for PBXProject "CollectionAndScrollView" */;
			compatibilityVersion = "Xcode 9.3";
			developmentRegion = en;
			hasScannedForEncodings = 0;
			knownRegions = (
				en,
				Base,
			);
			mainGroup = 4220DCE52578F8BB00CFE23C;
			productRefGroup = 4220DCEF2578F8BB00CFE23C /* Products */;
			projectDirPath = "";
			projectRoot = "";
			targets = (
				4220DCED2578F8BB00CFE23C /* CollectionAndScrollView */,
			);
		};
/* End PBXProject section */

/* Begin PBXResourcesBuildPhase section */
		4220DCEC2578F8BB00CFE23C /* Resources */ = {
			isa = PBXResourcesBuildPhase;
			buildActionMask = 2147483647;
			files = (
				4220DCFE2578F8BF00CFE23C /* LaunchScreen.storyboard in Resources */,
				4220DCFB2578F8BF00CFE23C /* Assets.xcassets in Resources */,
				4220DD0E2578F92500CFE23C /* ScrollViewController.xib in Resources */,
				4220DD182578FA2F00CFE23C /* ItemCollectionViewCell.xib in Resources */,
				4220DCF92578F8BB00CFE23C /* Main.storyboard in Resources */,
				4220DD0A2578F91A00CFE23C /* HomeViewController.xib in Resources */,
			);
			runOnlyForDeploymentPostprocessing = 0;
		};
/* End PBXResourcesBuildPhase section */

/* Begin PBXSourcesBuildPhase section */
		4220DCEA2578F8BB00CFE23C /* Sources */ = {
			isa = PBXSourcesBuildPhase;
			buildActionMask = 2147483647;
			files = (
				4220DD132578FA0000CFE23C /* Item.swift in Sources */,
				4220DCF22578F8BB00CFE23C /* AppDelegate.swift in Sources */,
				4220DCF42578F8BB00CFE23C /* SceneDelegate.swift in Sources */,
				4220DD172578FA2F00CFE23C /* ItemCollectionViewCell.swift in Sources */,
				4220DD092578F91A00CFE23C /* HomeViewController.swift in Sources */,
				4220DD0D2578F92500CFE23C /* ScrollViewController.swift in Sources */,
			);
			runOnlyForDeploymentPostprocessing = 0;
		};
/* End PBXSourcesBuildPhase section */

/* Begin PBXVariantGroup section */
		4220DCF72578F8BB00CFE23C /* Main.storyboard */ = {
			isa = PBXVariantGroup;
			children = (
				4220DCF82578F8BB00CFE23C /* Base */,
			);
			name = Main.storyboard;
			sourceTree = "<group>";
		};
		4220DCFC2578F8BF00CFE23C /* LaunchScreen.storyboard */ = {
			isa = PBXVariantGroup;
			children = (
				4220DCFD2578F8BF00CFE23C /* Base */,
			);
			name = LaunchScreen.storyboard;
			sourceTree = "<group>";
		};
/* End PBXVariantGroup section */

/* Begin XCBuildConfiguration section */
		4220DD002578F8BF00CFE23C /* Debug */ = {
			isa = XCBuildConfiguration;
			buildSettings = {
				ALWAYS_SEARCH_USER_PATHS = NO;
				CLANG_ANALYZER_NONNULL = YES;
				CLANG_ANALYZER_NUMBER_OBJECT_CONVERSION = YES_AGGRESSIVE;
				CLANG_CXX_LANGUAGE_STANDARD = "gnu++14";
				CLANG_CXX_LIBRARY = "libc++";
				CLANG_ENABLE_MODULES = YES;
				CLANG_ENABLE_OBJC_ARC = YES;
				CLANG_ENABLE_OBJC_WEAK = YES;
				CLANG_WARN_BLOCK_CAPTURE_AUTORELEASING = YES;
				CLANG_WARN_BOOL_CONVERSION = YES;
				CLANG_WARN_COMMA = YES;
				CLANG_WARN_CONSTANT_CONVERSION = YES;
				CLANG_WARN_DEPRECATED_OBJC_IMPLEMENTATIONS = YES;
				CLANG_WARN_DIRECT_OBJC_ISA_USAGE = YES_ERROR;
				CLANG_WARN_DOCUMENTATION_COMMENTS = YES;
				CLANG_WARN_EMPTY_BODY = YES;
				CLANG_WARN_ENUM_CONVERSION = YES;
				CLANG_WARN_INFINITE_RECURSION = YES;
				CLANG_WARN_INT_CONVERSION = YES;
				CLANG_WARN_NON_LITERAL_NULL_CONVERSION = YES;
				CLANG_WARN_OBJC_IMPLICIT_RETAIN_SELF = YES;
				CLANG_WARN_OBJC_LITERAL_CONVERSION = YES;
				CLANG_WARN_OBJC_ROOT_CLASS = YES_ERROR;
				CLANG_WARN_RANGE_LOOP_ANALYSIS = YES;
				CLANG_WARN_STRICT_PROTOTYPES = YES;
				CLANG_WARN_SUSPICIOUS_MOVE = YES;
				CLANG_WARN_UNGUARDED_AVAILABILITY = YES_AGGRESSIVE;
				CLANG_WARN_UNREACHABLE_CODE = YES;
				CLANG_WARN__DUPLICATE_METHOD_MATCH = YES;
				COPY_PHASE_STRIP = NO;
				DEBUG_INFORMATION_FORMAT = dwarf;
				ENABLE_STRICT_OBJC_MSGSEND = YES;
				ENABLE_TESTABILITY = YES;
				GCC_C_LANGUAGE_STANDARD = gnu11;
				GCC_DYNAMIC_NO_PIC = NO;
				GCC_NO_COMMON_BLOCKS = YES;
				GCC_OPTIMIZATION_LEVEL = 0;
				GCC_PREPROCESSOR_DEFINITIONS = (
					"DEBUG=1",
					"$(inherited)",
				);
				GCC_WARN_64_TO_32_BIT_CONVERSION = YES;
				GCC_WARN_ABOUT_RETURN_TYPE = YES_ERROR;
				GCC_WARN_UNDECLARED_SELECTOR = YES;
				GCC_WARN_UNINITIALIZED_AUTOS = YES_AGGRESSIVE;
				GCC_WARN_UNUSED_FUNCTION = YES;
				GCC_WARN_UNUSED_VARIABLE = YES;
				IPHONEOS_DEPLOYMENT_TARGET = 13.6;
				MTL_ENABLE_DEBUG_INFO = INCLUDE_SOURCE;
				MTL_FAST_MATH = YES;
				ONLY_ACTIVE_ARCH = YES;
				SDKROOT = iphoneos;
				SWIFT_ACTIVE_COMPILATION_CONDITIONS = DEBUG;
				SWIFT_OPTIMIZATION_LEVEL = "-Onone";
			};
			name = Debug;
		};
		4220DD012578F8BF00CFE23C /* Release */ = {
			isa = XCBuildConfiguration;
			buildSettings = {
				ALWAYS_SEARCH_USER_PATHS = NO;
				CLANG_ANALYZER_NONNULL = YES;
				CLANG_ANALYZER_NUMBER_OBJECT_CONVERSION = YES_AGGRESSIVE;
				CLANG_CXX_LANGUAGE_STANDARD = "gnu++14";
				CLANG_CXX_LIBRARY = "libc++";
				CLANG_ENABLE_MODULES = YES;
				CLANG_ENABLE_OBJC_ARC = YES;
				CLANG_ENABLE_OBJC_WEAK = YES;
				CLANG_WARN_BLOCK_CAPTURE_AUTORELEASING = YES;
				CLANG_WARN_BOOL_CONVERSION = YES;
				CLANG_WARN_COMMA = YES;
				CLANG_WARN_CONSTANT_CONVERSION = YES;
				CLANG_WARN_DEPRECATED_OBJC_IMPLEMENTATIONS = YES;
				CLANG_WARN_DIRECT_OBJC_ISA_USAGE = YES_ERROR;
				CLANG_WARN_DOCUMENTATION_COMMENTS = YES;
				CLANG_WARN_EMPTY_BODY = YES;
				CLANG_WARN_ENUM_CONVERSION = YES;
				CLANG_WARN_INFINITE_RECURSION = YES;
				CLANG_WARN_INT_CONVERSION = YES;
				CLANG_WARN_NON_LITERAL_NULL_CONVERSION = YES;
				CLANG_WARN_OBJC_IMPLICIT_RETAIN_SELF = YES;
				CLANG_WARN_OBJC_LITERAL_CONVERSION = YES;
				CLANG_WARN_OBJC_ROOT_CLASS = YES_ERROR;
				CLANG_WARN_RANGE_LOOP_ANALYSIS = YES;
				CLANG_WARN_STRICT_PROTOTYPES = YES;
				CLANG_WARN_SUSPICIOUS_MOVE = YES;
				CLANG_WARN_UNGUARDED_AVAILABILITY = YES_AGGRESSIVE;
				CLANG_WARN_UNREACHABLE_CODE = YES;
				CLANG_WARN__DUPLICATE_METHOD_MATCH = YES;
				COPY_PHASE_STRIP = NO;
				DEBUG_INFORMATION_FORMAT = "dwarf-with-dsym";
				ENABLE_NS_ASSERTIONS = NO;
				ENABLE_STRICT_OBJC_MSGSEND = YES;
				GCC_C_LANGUAGE_STANDARD = gnu11;
				GCC_NO_COMMON_BLOCKS = YES;
				GCC_WARN_64_TO_32_BIT_CONVERSION = YES;
				GCC_WARN_ABOUT_RETURN_TYPE = YES_ERROR;
				GCC_WARN_UNDECLARED_SELECTOR = YES;
				GCC_WARN_UNINITIALIZED_AUTOS = YES_AGGRESSIVE;
				GCC_WARN_UNUSED_FUNCTION = YES;
				GCC_WARN_UNUSED_VARIABLE = YES;
				IPHONEOS_DEPLOYMENT_TARGET = 13.6;
				MTL_ENABLE_DEBUG_INFO = NO;
				MTL_FAST_MATH = YES;
				SDKROOT = iphoneos;
				SWIFT_COMPILATION_MODE = wholemodule;
				SWIFT_OPTIMIZATION_LEVEL = "-O";
				VALIDATE_PRODUCT = YES;
			};
			name = Release;
		};
		4220DD032578F8BF00CFE23C /* Debug */ = {
			isa = XCBuildConfiguration;
			buildSettings = {
				ASSETCATALOG_COMPILER_APPICON_NAME = AppIcon;
				CODE_SIGN_STYLE = Automatic;
				INFOPLIST_FILE = CollectionAndScrollView/Info.plist;
				LD_RUNPATH_SEARCH_PATHS = (
					"$(inherited)",
					"@executable_path/Frameworks",
				);
				PRODUCT_BUNDLE_IDENTIFIER = com.nuriddin.CollectionAndScrollView;
				PRODUCT_NAME = "$(TARGET_NAME)";
				SWIFT_VERSION = 5.0;
				TARGETED_DEVICE_FAMILY = "1,2";
			};
			name = Debug;
		};
		4220DD042578F8BF00CFE23C /* Release */ = {
			isa = XCBuildConfiguration;
			buildSettings = {
				ASSETCATALOG_COMPILER_APPICON_NAME = AppIcon;
				CODE_SIGN_STYLE = Automatic;
				INFOPLIST_FILE = CollectionAndScrollView/Info.plist;
				LD_RUNPATH_SEARCH_PATHS = (
					"$(inherited)",
					"@executable_path/Frameworks",
				);
				PRODUCT_BUNDLE_IDENTIFIER = com.nuriddin.CollectionAndScrollView;
				PRODUCT_NAME = "$(TARGET_NAME)";
				SWIFT_VERSION = 5.0;
				TARGETED_DEVICE_FAMILY = "1,2";
			};
			name = Release;
		};
/* End XCBuildConfiguration section */

/* Begin XCConfigurationList section */
		4220DCE92578F8BB00CFE23C /* Build configuration list for PBXProject "CollectionAndScrollView" */ = {
			isa = XCConfigurationList;
			buildConfigurations = (
				4220DD002578F8BF00CFE23C /* Debug */,
				4220DD012578F8BF00CFE23C /* Release */,
			);
			defaultConfigurationIsVisible = 0;
			defaultConfigurationName = Release;
		};
		4220DD022578F8BF00CFE23C /* Build configuration list for PBXNativeTarget "CollectionAndScrollView" */ = {
			isa = XCConfigurationList;
			buildConfigurations = (
				4220DD032578F8BF00CFE23C /* Debug */,
				4220DD042578F8BF00CFE23C /* Release */,
			);
			defaultConfigurationIsVisible = 0;
			defaultConfigurationName = Release;
		};
/* End XCConfigurationList section */
	};
	rootObject = 4220DCE62578F8BB00CFE23C /* Project object */;
}
